
Microsoft Visual Studio Solution File, Format Version 10.00
# Visual Studio 2008
Project("{FAE04EC0-301F-11D3-BF4B-00C04F79EFBC}") = "PhotoEffects", "PhotoEffects\PhotoEffects.csproj", "{F5A43F9A-4227-49B3-B329-38DDEFE0A804}"
EndProject
Project("{8BC9CEB8-8B4A-11D0-8D11-00A0C91BC942}") = "EffectEngine", "EffectEngine\EffectEngine.vcproj", "{52111FC5-31BE-4ACE-B122-4F9066931225}"
EndProject
Project("{8BC9CEB8-8B4A-11D0-8D11-00A0C91BC942}") = "ImageEffect", "ImageEffect\ImageEffect.vcproj", "{0EAAF77B-60D8-45B9-9124-E7C1059EAC37}"
	ProjectSection(ProjectDependencies) = postProject
		{52111FC5-31BE-4ACE-B122-4F9066931225} = {52111FC5-31BE-4ACE-B122-4F9066931225}
	EndProjectSection
EndProject
Global
	GlobalSection(SolutionConfigurationPlatforms) = preSolution
		Debug|Any CPU = Debug|Any CPU
		Debug|Mixed Platforms = Debug|Mixed Platforms
		Debug|Win32 = Debug|Win32
		Release|Any CPU = Release|Any CPU
		Release|Mixed Platforms = Release|Mixed Platforms
		Release|Win32 = Release|Win32
	EndGlobalSection
	GlobalSection(ProjectConfigurationPlatforms) = postSolution
		{F5A43F9A-4227-49B3-B329-38DDEFE0A804}.Debug|Any CPU.ActiveCfg = Debug|Any CPU
		{F5A43F9A-4227-49B3-B329-38DDEFE0A804}.Debug|Any CPU.Build.0 = Debug|Any CPU
		{F5A43F9A-4227-49B3-B329-38DDEFE0A804}.Debug|Mixed Platforms.ActiveCfg = Debug|Any CPU
		{F5A43F9A-4227-49B3-B329-38DDEFE0A804}.Debug|Mixed Platforms.Build.0 = Debug|Any CPU
		{F5A43F9A-4227-49B3-B329-38DDEFE0A804}.Debug|Win32.ActiveCfg = Debug|Any CPU
		{F5A43F9A-4227-49B3-B329-38DDEFE0A804}.Release|Any CPU.ActiveCfg = Release|Any CPU
		{F5A43F9A-4227-49B3-B329-38DDEFE0A804}.Release|Any CPU.Build.0 = Release|Any CPU
		{F5A43F9A-4227-49B3-B329-38DDEFE0A804}.Release|Mixed Platforms.ActiveCfg = Release|Any CPU
		{F5A43F9A-4227-49B3-B329-38DDEFE0A804}.Release|Mixed Platforms.Build.0 = Release|Any CPU
		{F5A43F9A-4227-49B3-B329-38DDEFE0A804}.Release|Win32.ActiveCfg = Release|Any CPU
		{52111FC5-31BE-4ACE-B122-4F9066931225}.Debug|Any CPU.ActiveCfg = Debug|Win32
		{52111FC5-31BE-4ACE-B122-4F9066931225}.Debug|Mixed Platforms.ActiveCfg = Debug|Win32
		{52111FC5-31BE-4ACE-B122-4F9066931225}.Debug|Mixed Platforms.Build.0 = Debug|Win32
		{52111FC5-31BE-4ACE-B122-4F9066931225}.Debug|Win32.ActiveCfg = Debug|Win32
		{52111FC5-31BE-4ACE-B122-4F9066931225}.Debug|Win32.Build.0 = Debug|Win32
		{52111FC5-31BE-4ACE-B122-4F9066931225}.Release|Any CPU.ActiveCfg = Release|Win32
		{52111FC5-31BE-4ACE-B122-4F9066931225}.Release|Mixed Platforms.ActiveCfg = Release|Win32
		{52111FC5-31BE-4ACE-B122-4F9066931225}.Release|Mixed Platforms.Build.0 = Release|Win32
		{52111FC5-31BE-4ACE-B122-4F9066931225}.Release|Win32.ActiveCfg = Release|Win32
		{52111FC5-31BE-4ACE-B122-4F9066931225}.Release|Win32.Build.0 = Release|Win32
		{0EAAF77B-60D8-45B9-9124-E7C1059EAC37}.Debug|Any CPU.ActiveCfg = Debug|Win32
		{0EAAF77B-60D8-45B9-9124-E7C1059EAC37}.Debug|Mixed Platforms.ActiveCfg = Debug|Win32
		{0EAAF77B-60D8-45B9-9124-E7C1059EAC37}.Debug|Mixed Platforms.Build.0 = Debug|Win32
		{0EAAF77B-60D8-45B9-9124-E7C1059EAC37}.Debug|Win32.ActiveCfg = Debug|Win32
		{0EAAF77B-60D8-45B9-9124-E7C1059EAC37}.Debug|Win32.Build.0 = Debug|Win32
		{0EAAF77B-60D8-45B9-9124-E7C1059EAC37}.Release|Any CPU.ActiveCfg = Release|Win32
		{0EAAF77B-60D8-45B9-9124-E7C1059EAC37}.Release|Mixed Platforms.ActiveCfg = Release|Win32
		{0EAAF77B-60D8-45B9-9124-E7C1059EAC37}.Release|Mixed Platforms.Build.0 = Release|Win32
		{0EAAF77B-60D8-45B9-9124-E7C1059EAC37}.Release|Win32.ActiveCfg = Release|Win32
		{0EAAF77B-60D8-45B9-9124-E7C1059EAC37}.Release|Win32.Build.0 = Release|Win32
	EndGlobalSection
	GlobalSection(SolutionProperties) = preSolution
		HideSolutionNode = FALSE
	EndGlobalSection
EndGlobal
